
Microsoft Visual Studio Solution File, Format Version 12.00
# Visual Studio Version 16
VisualStudioVersion = 16.0.30002.166
MinimumVisualStudioVersion = 10.0.40219.1
Project("{FAE04EC0-301F-11D3-BF4B-00C04F79EFBC}") = "CapaVistaExamen", "CapaVistaExamen\CapaVistaExamen.csproj", "{72CCB2B9-5FD8-46A9-BCFC-5497439A7776}"
EndProject
Project("{FAE04EC0-301F-11D3-BF4B-00C04F79EFBC}") = "CapaControladorExamen", "CapaControladorExamen\CapaControladorExamen.csproj", "{5C373277-F393-4511-B3A1-F1374B3844D2}"
EndProject
Project("{FAE04EC0-301F-11D3-BF4B-00C04F79EFBC}") = "CapaModeloExamen", "CapaModeloExamen\CapaModeloExamen.csproj", "{BEE82069-65DE-4E02-B094-3D93A88E4B13}"
EndProject
Global
	GlobalSection(SolutionConfigurationPlatforms) = preSolution
		Debug|Any CPU = Debug|Any CPU
		Release|Any CPU = Release|Any CPU
	EndGlobalSection
	GlobalSection(ProjectConfigurationPlatforms) = postSolution
		{72CCB2B9-5FD8-46A9-BCFC-5497439A7776}.Debug|Any CPU.ActiveCfg = Debug|Any CPU
		{72CCB2B9-5FD8-46A9-BCFC-5497439A7776}.Debug|Any CPU.Build.0 = Debug|Any CPU
		{72CCB2B9-5FD8-46A9-BCFC-5497439A7776}.Release|Any CPU.ActiveCfg = Release|Any CPU
		{72CCB2B9-5FD8-46A9-BCFC-5497439A7776}.Release|Any CPU.Build.0 = Release|Any CPU
		{5C373277-F393-4511-B3A1-F1374B3844D2}.Debug|Any CPU.ActiveCfg = Debug|Any CPU
		{5C373277-F393-4511-B3A1-F1374B3844D2}.Debug|Any CPU.Build.0 = Debug|Any CPU
		{5C373277-F393-4511-B3A1-F1374B3844D2}.Release|Any CPU.ActiveCfg = Release|Any CPU
		{5C373277-F393-4511-B3A1-F1374B3844D2}.Release|Any CPU.Build.0 = Release|Any CPU
		{BEE82069-65DE-4E02-B094-3D93A88E4B13}.Debug|Any CPU.ActiveCfg = Debug|Any CPU
		{BEE82069-65DE-4E02-B094-3D93A88E4B13}.Debug|Any CPU.Build.0 = Debug|Any CPU
		{BEE82069-65DE-4E02-B094-3D93A88E4B13}.Release|Any CPU.ActiveCfg = Release|Any CPU
		{BEE82069-65DE-4E02-B094-3D93A88E4B13}.Release|Any CPU.Build.0 = Release|Any CPU
	EndGlobalSection
	GlobalSection(SolutionProperties) = preSolution
		HideSolutionNode = FALSE
	EndGlobalSection
	GlobalSection(ExtensibilityGlobals) = postSolution
		SolutionGuid = {5C1F50AC-B327-46DF-8F0F-AB1C077C08C8}
	EndGlobalSection
EndGlobal
